
Microsoft Visual Studio Solution File, Format Version 12.00
# Visual Studio Version 17
VisualStudioVersion = 17.2.32616.157
MinimumVisualStudioVersion = 10.0.40219.1
Project("{FAE04EC0-301F-11D3-BF4B-00C04F79EFBC}") = "OgrenciKayitSistemi_Entity", "OgrenciKayitSistemi_Entity\OgrenciKayitSistemi_Entity.csproj", "{B85C33F0-7B0B-4CD6-AB1C-81CE905B4823}"
EndProject
Global
	GlobalSection(SolutionConfigurationPlatforms) = preSolution
		Debug|Any CPU = Debug|Any CPU
		Release|Any CPU = Release|Any CPU
	EndGlobalSection
	GlobalSection(ProjectConfigurationPlatforms) = postSolution
		{B85C33F0-7B0B-4CD6-AB1C-81CE905B4823}.Debug|Any CPU.ActiveCfg = Debug|Any CPU
		{B85C33F0-7B0B-4CD6-AB1C-81CE905B4823}.Debug|Any CPU.Build.0 = Debug|Any CPU
		{B85C33F0-7B0B-4CD6-AB1C-81CE905B4823}.Release|Any CPU.ActiveCfg = Release|Any CPU
		{B85C33F0-7B0B-4CD6-AB1C-81CE905B4823}.Release|Any CPU.Build.0 = Release|Any CPU
	EndGlobalSection
	GlobalSection(SolutionProperties) = preSolution
		HideSolutionNode = FALSE
	EndGlobalSection
	GlobalSection(ExtensibilityGlobals) = postSolution
		SolutionGuid = {BC101E74-6A2A-4813-87AD-0D22FBDF8BD9}
	EndGlobalSection
EndGlobal
